// !$*UTF8*$!
{
	archiveVersion = 1;
	classes = {
	};
	objectVersion = 55;
	objects = {

/* Begin PBXBuildFile section */
		62DC3B1527BC09DD00CAB6C9 /* BoilingWaterProblemApp.swift in Sources */ = {isa = PBXBuildFile; fileRef = 62DC3B1427BC09DD00CAB6C9 /* BoilingWaterProblemApp.swift */; };
		62DC3B1727BC09DD00CAB6C9 /* ContentView.swift in Sources */ = {isa = PBXBuildFile; fileRef = 62DC3B1627BC09DD00CAB6C9 /* ContentView.swift */; };
		62DC3B1927BC09E100CAB6C9 /* Assets.xcassets in Resources */ = {isa = PBXBuildFile; fileRef = 62DC3B1827BC09E100CAB6C9 /* Assets.xcassets */; };
		62DC3B1C27BC09E100CAB6C9 /* Preview Assets.xcassets in Resources */ = {isa = PBXBuildFile; fileRef = 62DC3B1B27BC09E100CAB6C9 /* Preview Assets.xcassets */; };
		62DC3B2527BC167A00CAB6C9 /* Lottie in Frameworks */ = {isa = PBXBuildFile; productRef = 62DC3B2427BC167A00CAB6C9 /* Lottie */; };
		62DC3B2727BC168D00CAB6C9 /* LottieView.swift in Sources */ = {isa = PBXBuildFile; fileRef = 62DC3B2627BC168D00CAB6C9 /* LottieView.swift */; };
		62DC3B2A27BC188400CAB6C9 /* 42818-beach.json in Resources */ = {isa = PBXBuildFile; fileRef = 62DC3B2927BC188400CAB6C9 /* 42818-beach.json */; };
		62DC3B2C27BC1A1E00CAB6C9 /* 81201-mountains.json in Resources */ = {isa = PBXBuildFile; fileRef = 62DC3B2B27BC1A1E00CAB6C9 /* 81201-mountains.json */; };
		62DC3B2E27BC1A2500CAB6C9 /* 87685-submarine.json in Resources */ = {isa = PBXBuildFile; fileRef = 62DC3B2D27BC1A2500CAB6C9 /* 87685-submarine.json */; };
/* End PBXBuildFile section */

/* Begin PBXFileReference section */
		62DC3B1127BC09DD00CAB6C9 /* BoilingWaterProblem.app */ = {isa = PBXFileReference; explicitFileType = wrapper.application; includeInIndex = 0; path = BoilingWaterProblem.app; sourceTree = BUILT_PRODUCTS_DIR; };
		62DC3B1427BC09DD00CAB6C9 /* BoilingWaterProblemApp.swift */ = {isa = PBXFileReference; lastKnownFileType = sourcecode.swift; path = BoilingWaterProblemApp.swift; sourceTree = "<group>"; };
		62DC3B1627BC09DD00CAB6C9 /* ContentView.swift */ = {isa = PBXFileReference; lastKnownFileType = sourcecode.swift; path = ContentView.swift; sourceTree = "<group>"; };
		62DC3B1827BC09E100CAB6C9 /* Assets.xcassets */ = {isa = PBXFileReference; lastKnownFileType = folder.assetcatalog; path = Assets.xcassets; sourceTree = "<group>"; };
		62DC3B1B27BC09E100CAB6C9 /* Preview Assets.xcassets */ = {isa = PBXFileReference; lastKnownFileType = folder.assetcatalog; path = "Preview Assets.xcassets"; sourceTree = "<group>"; };
		62DC3B2627BC168D00CAB6C9 /* LottieView.swift */ = {isa = PBXFileReference; lastKnownFileType = sourcecode.swift; path = LottieView.swift; sourceTree = "<group>"; };
		62DC3B2927BC188400CAB6C9 /* 42818-beach.json */ = {isa = PBXFileReference; fileEncoding = 4; lastKnownFileType = text.json; path = "42818-beach.json"; sourceTree = SOURCE_ROOT; };
		62DC3B2B27BC1A1E00CAB6C9 /* 81201-mountains.json */ = {isa = PBXFileReference; fileEncoding = 4; lastKnownFileType = text.json; path = "81201-mountains.json"; sourceTree = SOURCE_ROOT; };
		62DC3B2D27BC1A2500CAB6C9 /* 87685-submarine.json */ = {isa = PBXFileReference; fileEncoding = 4; lastKnownFileType = text.json; path = "87685-submarine.json"; sourceTree = SOURCE_ROOT; };
/* End PBXFileReference section */

/* Begin PBXFrameworksBuildPhase section */
		62DC3B0E27BC09DD00CAB6C9 /* Frameworks */ = {
			isa = PBXFrameworksBuildPhase;
			buildActionMask = 2147483647;
			files = (
				62DC3B2527BC167A00CAB6C9 /* Lottie in Frameworks */,
			);
			runOnlyForDeploymentPostprocessing = 0;
		};
/* End PBXFrameworksBuildPhase section */

/* Begin PBXGroup section */
		62DC3B0827BC09DD00CAB6C9 = {
			isa = PBXGroup;
			children = (
				62DC3B1327BC09DD00CAB6C9 /* BoilingWaterProblem */,
				62DC3B1227BC09DD00CAB6C9 /* Products */,
			);
			sourceTree = "<group>";
		};
		62DC3B1227BC09DD00CAB6C9 /* Products */ = {
			isa = PBXGroup;
			children = (
				62DC3B1127BC09DD00CAB6C9 /* BoilingWaterProblem.app */,
			);
			name = Products;
			sourceTree = "<group>";
		};
		62DC3B1327BC09DD00CAB6C9 /* BoilingWaterProblem */ = {
			isa = PBXGroup;
			children = (
				62DC3B1427BC09DD00CAB6C9 /* BoilingWaterProblemApp.swift */,
				62DC3B2227BC148400CAB6C9 /* Animations */,
				62DC3B2827BC174800CAB6C9 /* Helpers */,
				62DC3B1627BC09DD00CAB6C9 /* ContentView.swift */,
				62DC3B1827BC09E100CAB6C9 /* Assets.xcassets */,
				62DC3B1A27BC09E100CAB6C9 /* Preview Content */,
			);
			path = BoilingWaterProblem;
			sourceTree = "<group>";
		};
		62DC3B1A27BC09E100CAB6C9 /* Preview Content */ = {
			isa = PBXGroup;
			children = (
				62DC3B1B27BC09E100CAB6C9 /* Preview Assets.xcassets */,
			);
			path = "Preview Content";
			sourceTree = "<group>";
		};
		62DC3B2227BC148400CAB6C9 /* Animations */ = {
			isa = PBXGroup;
			children = (
				62DC3B2927BC188400CAB6C9 /* 42818-beach.json */,
				62DC3B2B27BC1A1E00CAB6C9 /* 81201-mountains.json */,
				62DC3B2D27BC1A2500CAB6C9 /* 87685-submarine.json */,
			);
			path = Animations;
			sourceTree = "<group>";
		};
		62DC3B2827BC174800CAB6C9 /* Helpers */ = {
			isa = PBXGroup;
			children = (
				62DC3B2627BC168D00CAB6C9 /* LottieView.swift */,
			);
			path = Helpers;
			sourceTree = "<group>";
		};
/* End PBXGroup section */

/* Begin PBXNativeTarget section */
		62DC3B1027BC09DD00CAB6C9 /* BoilingWaterProblem */ = {
			isa = PBXNativeTarget;
			buildConfigurationList = 62DC3B1F27BC09E100CAB6C9 /* Build configuration list for PBXNativeTarget "BoilingWaterProblem" */;
			buildPhases = (
				62DC3B0D27BC09DD00CAB6C9 /* Sources */,
				62DC3B0E27BC09DD00CAB6C9 /* Frameworks */,
				62DC3B0F27BC09DD00CAB6C9 /* Resources */,
			);
			buildRules = (
			);
			dependencies = (
			);
			name = BoilingWaterProblem;
			packageProductDependencies = (
				62DC3B2427BC167A00CAB6C9 /* Lottie */,
			);
			productName = BoilingWaterProblem;
			productReference = 62DC3B1127BC09DD00CAB6C9 /* BoilingWaterProblem.app */;
			productType = "com.apple.product-type.application";
		};
/* End PBXNativeTarget section */

/* Begin PBXProject section */
		62DC3B0927BC09DD00CAB6C9 /* Project object */ = {
			isa = PBXProject;
			attributes = {
				BuildIndependentTargetsInParallel = 1;
				LastSwiftUpdateCheck = 1320;
				LastUpgradeCheck = 1320;
				TargetAttributes = {
					62DC3B1027BC09DD00CAB6C9 = {
						CreatedOnToolsVersion = 13.2.1;
					};
				};
			};
			buildConfigurationList = 62DC3B0C27BC09DD00CAB6C9 /* Build configuration list for PBXProject "BoilingWaterProblem" */;
			compatibilityVersion = "Xcode 13.0";
			developmentRegion = en;
			hasScannedForEncodings = 0;
			knownRegions = (
				en,
				Base,
			);
			mainGroup = 62DC3B0827BC09DD00CAB6C9;
			packageReferences = (
				62DC3B2327BC167A00CAB6C9 /* XCRemoteSwiftPackageReference "lottie-ios" */,
			);
			productRefGroup = 62DC3B1227BC09DD00CAB6C9 /* Products */;
			projectDirPath = "";
			projectRoot = "";
			targets = (
				62DC3B1027BC09DD00CAB6C9 /* BoilingWaterProblem */,
			);
		};
/* End PBXProject section */

/* Begin PBXResourcesBuildPhase section */
		62DC3B0F27BC09DD00CAB6C9 /* Resources */ = {
			isa = PBXResourcesBuildPhase;
			buildActionMask = 2147483647;
			files = (
				62DC3B1C27BC09E100CAB6C9 /* Preview Assets.xcassets in Resources */,
				62DC3B1927BC09E100CAB6C9 /* Assets.xcassets in Resources */,
				62DC3B2E27BC1A2500CAB6C9 /* 87685-submarine.json in Resources */,
				62DC3B2A27BC188400CAB6C9 /* 42818-beach.json in Resources */,
				62DC3B2C27BC1A1E00CAB6C9 /* 81201-mountains.json in Resources */,
			);
			runOnlyForDeploymentPostprocessing = 0;
		};
/* End PBXResourcesBuildPhase section */

/* Begin PBXSourcesBuildPhase section */
		62DC3B0D27BC09DD00CAB6C9 /* Sources */ = {
			isa = PBXSourcesBuildPhase;
			buildActionMask = 2147483647;
			files = (
				62DC3B1727BC09DD00CAB6C9 /* ContentView.swift in Sources */,
				62DC3B2727BC168D00CAB6C9 /* LottieView.swift in Sources */,
				62DC3B1527BC09DD00CAB6C9 /* BoilingWaterProblemApp.swift in Sources */,
			);
			runOnlyForDeploymentPostprocessing = 0;
		};
/* End PBXSourcesBuildPhase section */

/* Begin XCBuildConfiguration section */
		62DC3B1D27BC09E100CAB6C9 /* Debug */ = {
			isa = XCBuildConfiguration;
			buildSettings = {
				ALWAYS_SEARCH_USER_PATHS = NO;
				CLANG_ANALYZER_NONNULL = YES;
				CLANG_ANALYZER_NUMBER_OBJECT_CONVERSION = YES_AGGRESSIVE;
				CLANG_CXX_LANGUAGE_STANDARD = "gnu++17";
				CLANG_CXX_LIBRARY = "libc++";
				CLANG_ENABLE_MODULES = YES;
				CLANG_ENABLE_OBJC_ARC = YES;
				CLANG_ENABLE_OBJC_WEAK = YES;
				CLANG_WARN_BLOCK_CAPTURE_AUTORELEASING = YES;
				CLANG_WARN_BOOL_CONVERSION = YES;
				CLANG_WARN_COMMA = YES;
				CLANG_WARN_CONSTANT_CONVERSION = YES;
				CLANG_WARN_DEPRECATED_OBJC_IMPLEMENTATIONS = YES;
				CLANG_WARN_DIRECT_OBJC_ISA_USAGE = YES_ERROR;
				CLANG_WARN_DOCUMENTATION_COMMENTS = YES;
				CLANG_WARN_EMPTY_BODY = YES;
				CLANG_WARN_ENUM_CONVERSION = YES;
				CLANG_WARN_INFINITE_RECURSION = YES;
				CLANG_WARN_INT_CONVERSION = YES;
				CLANG_WARN_NON_LITERAL_NULL_CONVERSION = YES;
				CLANG_WARN_OBJC_IMPLICIT_RETAIN_SELF = YES;
				CLANG_WARN_OBJC_LITERAL_CONVERSION = YES;
				CLANG_WARN_OBJC_ROOT_CLASS = YES_ERROR;
				CLANG_WARN_QUOTED_INCLUDE_IN_FRAMEWORK_HEADER = YES;
				CLANG_WARN_RANGE_LOOP_ANALYSIS = YES;
				CLANG_WARN_STRICT_PROTOTYPES = YES;
				CLANG_WARN_SUSPICIOUS_MOVE = YES;
				CLANG_WARN_UNGUARDED_AVAILABILITY = YES_AGGRESSIVE;
				CLANG_WARN_UNREACHABLE_CODE = YES;
				CLANG_WARN__DUPLICATE_METHOD_MATCH = YES;
				COPY_PHASE_STRIP = NO;
				DEBUG_INFORMATION_FORMAT = dwarf;
				ENABLE_STRICT_OBJC_MSGSEND = YES;
				ENABLE_TESTABILITY = YES;
				GCC_C_LANGUAGE_STANDARD = gnu11;
				GCC_DYNAMIC_NO_PIC = NO;
				GCC_NO_COMMON_BLOCKS = YES;
				GCC_OPTIMIZATION_LEVEL = 0;
				GCC_PREPROCESSOR_DEFINITIONS = (
					"DEBUG=1",
					"$(inherited)",
				);
				GCC_WARN_64_TO_32_BIT_CONVERSION = YES;
				GCC_WARN_ABOUT_RETURN_TYPE = YES_ERROR;
				GCC_WARN_UNDECLARED_SELECTOR = YES;
				GCC_WARN_UNINITIALIZED_AUTOS = YES_AGGRESSIVE;
				GCC_WARN_UNUSED_FUNCTION = YES;
				GCC_WARN_UNUSED_VARIABLE = YES;
				IPHONEOS_DEPLOYMENT_TARGET = 15.2;
				MTL_ENABLE_DEBUG_INFO = INCLUDE_SOURCE;
				MTL_FAST_MATH = YES;
				ONLY_ACTIVE_ARCH = YES;
				SDKROOT = iphoneos;
				SWIFT_ACTIVE_COMPILATION_CONDITIONS = DEBUG;
				SWIFT_OPTIMIZATION_LEVEL = "-Onone";
			};
			name = Debug;
		};
		62DC3B1E27BC09E100CAB6C9 /* Release */ = {
			isa = XCBuildConfiguration;
			buildSettings = {
				ALWAYS_SEARCH_USER_PATHS = NO;
				CLANG_ANALYZER_NONNULL = YES;
				CLANG_ANALYZER_NUMBER_OBJECT_CONVERSION = YES_AGGRESSIVE;
				CLANG_CXX_LANGUAGE_STANDARD = "gnu++17";
				CLANG_CXX_LIBRARY = "libc++";
				CLANG_ENABLE_MODULES = YES;
				CLANG_ENABLE_OBJC_ARC = YES;
				CLANG_ENABLE_OBJC_WEAK = YES;
				CLANG_WARN_BLOCK_CAPTURE_AUTORELEASING = YES;
				CLANG_WARN_BOOL_CONVERSION = YES;
				CLANG_WARN_COMMA = YES;
				CLANG_WARN_CONSTANT_CONVERSION = YES;
				CLANG_WARN_DEPRECATED_OBJC_IMPLEMENTATIONS = YES;
				CLANG_WARN_DIRECT_OBJC_ISA_USAGE = YES_ERROR;
				CLANG_WARN_DOCUMENTATION_COMMENTS = YES;
				CLANG_WARN_EMPTY_BODY = YES;
				CLANG_WARN_ENUM_CONVERSION = YES;
				CLANG_WARN_INFINITE_RECURSION = YES;
				CLANG_WARN_INT_CONVERSION = YES;
				CLANG_WARN_NON_LITERAL_NULL_CONVERSION = YES;
				CLANG_WARN_OBJC_IMPLICIT_RETAIN_SELF = YES;
				CLANG_WARN_OBJC_LITERAL_CONVERSION = YES;
				CLANG_WARN_OBJC_ROOT_CLASS = YES_ERROR;
				CLANG_WARN_QUOTED_INCLUDE_IN_FRAMEWORK_HEADER = YES;
				CLANG_WARN_RANGE_LOOP_ANALYSIS = YES;
				CLANG_WARN_STRICT_PROTOTYPES = YES;
				CLANG_WARN_SUSPICIOUS_MOVE = YES;
				CLANG_WARN_UNGUARDED_AVAILABILITY = YES_AGGRESSIVE;
				CLANG_WARN_UNREACHABLE_CODE = YES;
				CLANG_WARN__DUPLICATE_METHOD_MATCH = YES;
				COPY_PHASE_STRIP = NO;
				DEBUG_INFORMATION_FORMAT = "dwarf-with-dsym";
				ENABLE_NS_ASSERTIONS = NO;
				ENABLE_STRICT_OBJC_MSGSEND = YES;
				GCC_C_LANGUAGE_STANDARD = gnu11;
				GCC_NO_COMMON_BLOCKS = YES;
				GCC_WARN_64_TO_32_BIT_CONVERSION = YES;
				GCC_WARN_ABOUT_RETURN_TYPE = YES_ERROR;
				GCC_WARN_UNDECLARED_SELECTOR = YES;
				GCC_WARN_UNINITIALIZED_AUTOS = YES_AGGRESSIVE;
				GCC_WARN_UNUSED_FUNCTION = YES;
				GCC_WARN_UNUSED_VARIABLE = YES;
				IPHONEOS_DEPLOYMENT_TARGET = 15.2;
				MTL_ENABLE_DEBUG_INFO = NO;
				MTL_FAST_MATH = YES;
				SDKROOT = iphoneos;
				SWIFT_COMPILATION_MODE = wholemodule;
				SWIFT_OPTIMIZATION_LEVEL = "-O";
				VALIDATE_PRODUCT = YES;
			};
			name = Release;
		};
		62DC3B2027BC09E100CAB6C9 /* Debug */ = {
			isa = XCBuildConfiguration;
			buildSettings = {
				ASSETCATALOG_COMPILER_APPICON_NAME = AppIcon;
				ASSETCATALOG_COMPILER_GLOBAL_ACCENT_COLOR_NAME = AccentColor;
				CODE_SIGN_STYLE = Automatic;
				CURRENT_PROJECT_VERSION = 1;
				DEVELOPMENT_ASSET_PATHS = "\"BoilingWaterProblem/Preview Content\"";
				DEVELOPMENT_TEAM = S763R846K9;
				ENABLE_PREVIEWS = YES;
				GENERATE_INFOPLIST_FILE = YES;
				INFOPLIST_KEY_UIApplicationSceneManifest_Generation = YES;
				INFOPLIST_KEY_UIApplicationSupportsIndirectInputEvents = YES;
				INFOPLIST_KEY_UILaunchScreen_Generation = YES;
				INFOPLIST_KEY_UISupportedInterfaceOrientations_iPad = "UIInterfaceOrientationPortrait UIInterfaceOrientationPortraitUpsideDown UIInterfaceOrientationLandscapeLeft UIInterfaceOrientationLandscapeRight";
				INFOPLIST_KEY_UISupportedInterfaceOrientations_iPhone = "UIInterfaceOrientationPortrait UIInterfaceOrientationLandscapeLeft UIInterfaceOrientationLandscapeRight";
				LD_RUNPATH_SEARCH_PATHS = (
					"$(inherited)",
					"@executable_path/Frameworks",
				);
				MARKETING_VERSION = 1.0;
				PRODUCT_BUNDLE_IDENTIFIER = ca.keilfranka.BoilingWaterProblem;
				PRODUCT_NAME = "$(TARGET_NAME)";
				SWIFT_EMIT_LOC_STRINGS = YES;
				SWIFT_VERSION = 5.0;
				TARGETED_DEVICE_FAMILY = "1,2";
			};
			name = Debug;
		};
		62DC3B2127BC09E100CAB6C9 /* Release */ = {
			isa = XCBuildConfiguration;
			buildSettings = {
				ASSETCATALOG_COMPILER_APPICON_NAME = AppIcon;
				ASSETCATALOG_COMPILER_GLOBAL_ACCENT_COLOR_NAME = AccentColor;
				CODE_SIGN_STYLE = Automatic;
				CURRENT_PROJECT_VERSION = 1;
				DEVELOPMENT_ASSET_PATHS = "\"BoilingWaterProblem/Preview Content\"";
				DEVELOPMENT_TEAM = S763R846K9;
				ENABLE_PREVIEWS = YES;
				GENERATE_INFOPLIST_FILE = YES;
				INFOPLIST_KEY_UIApplicationSceneManifest_Generation = YES;
				INFOPLIST_KEY_UIApplicationSupportsIndirectInputEvents = YES;
				INFOPLIST_KEY_UILaunchScreen_Generation = YES;
				INFOPLIST_KEY_UISupportedInterfaceOrientations_iPad = "UIInterfaceOrientationPortrait UIInterfaceOrientationPortraitUpsideDown UIInterfaceOrientationLandscapeLeft UIInterfaceOrientationLandscapeRight";
				INFOPLIST_KEY_UISupportedInterfaceOrientations_iPhone = "UIInterfaceOrientationPortrait UIInterfaceOrientationLandscapeLeft UIInterfaceOrientationLandscapeRight";
				LD_RUNPATH_SEARCH_PATHS = (
					"$(inherited)",
					"@executable_path/Frameworks",
				);
				MARKETING_VERSION = 1.0;
				PRODUCT_BUNDLE_IDENTIFIER = ca.keilfranka.BoilingWaterProblem;
				PRODUCT_NAME = "$(TARGET_NAME)";
				SWIFT_EMIT_LOC_STRINGS = YES;
				SWIFT_VERSION = 5.0;
				TARGETED_DEVICE_FAMILY = "1,2";
			};
			name = Release;
		};
/* End XCBuildConfiguration section */

/* Begin XCConfigurationList section */
		62DC3B0C27BC09DD00CAB6C9 /* Build configuration list for PBXProject "BoilingWaterProblem" */ = {
			isa = XCConfigurationList;
			buildConfigurations = (
				62DC3B1D27BC09E100CAB6C9 /* Debug */,
				62DC3B1E27BC09E100CAB6C9 /* Release */,
			);
			defaultConfigurationIsVisible = 0;
			defaultConfigurationName = Release;
		};
		62DC3B1F27BC09E100CAB6C9 /* Build configuration list for PBXNativeTarget "BoilingWaterProblem" */ = {
			isa = XCConfigurationList;
			buildConfigurations = (
				62DC3B2027BC09E100CAB6C9 /* Debug */,
				62DC3B2127BC09E100CAB6C9 /* Release */,
			);
			defaultConfigurationIsVisible = 0;
			defaultConfigurationName = Release;
		};
/* End XCConfigurationList section */

/* Begin XCRemoteSwiftPackageReference section */
		62DC3B2327BC167A00CAB6C9 /* XCRemoteSwiftPackageReference "lottie-ios" */ = {
			isa = XCRemoteSwiftPackageReference;
			repositoryURL = "https://github.com/airbnb/lottie-ios";
			requirement = {
				branch = master;
				kind = branch;
			};
		};
/* End XCRemoteSwiftPackageReference section */

/* Begin XCSwiftPackageProductDependency section */
		62DC3B2427BC167A00CAB6C9 /* Lottie */ = {
			isa = XCSwiftPackageProductDependency;
			package = 62DC3B2327BC167A00CAB6C9 /* XCRemoteSwiftPackageReference "lottie-ios" */;
			productName = Lottie;
		};
/* End XCSwiftPackageProductDependency section */
	};
	rootObject = 62DC3B0927BC09DD00CAB6C9 /* Project object */;
}
